{
  "version": 4,
  "terraform_version": "1.3.0",
  "serial": 24,
  "lineage": "019cd1ff-f7db-6eab-fa6a-acd3ef0fae50",
  "outputs": {
    "my_iam_user_complete_details": {
      "value": {
        "arn": "arn:aws:iam::085135069479:user/my_iam_user_abc_updated",
        "force_destroy": false,
        "id": "my_iam_user_abc_updated",
        "name": "my_iam_user_abc_updated",
        "path": "/",
        "permissions_boundary": null,
        "tags": {},
        "tags_all": {},
        "unique_id": "AIDARHUTSCETV2JNMPT5I"
      },
      "type": [
        "object",
        {
          "arn": "string",
          "force_destroy": "bool",
          "id": "string",
          "name": "string",
          "path": "string",
          "permissions_boundary": "string",
          "tags": [
            "map",
            "string"
          ],
          "tags_all": [
            "map",
            "string"
          ],
          "unique_id": "string"
        }
      ]
    },
    "my_s3_bucket_versioning": {
      "value": true,
      "type": "bool"
    }
  },
  "resources": [
    {
      "mode": "managed",
      "type": "aws_iam_user",
      "name": "my_iam_user",
      "provider": "provider[\"registry.terraform.io/hashicorp/aws\"]",
      "instances": [
        {
          "schema_version": 0,
          "attributes": {
            "arn": "arn:aws:iam::085135069479:user/my_iam_user_abc_updated",
            "force_destroy": false,
            "id": "my_iam_user_abc_updated",
            "name": "my_iam_user_abc_updated",
            "path": "/",
            "permissions_boundary": null,
            "tags": {},
            "tags_all": {},
            "unique_id": "AIDARHUTSCETV2JNMPT5I"
          },
          "sensitive_attributes": [],
          "private": "bnVsbA=="
        }
      ]
    },
    {
      "mode": "managed",
      "type": "aws_s3_bucket",
      "name": "my_s3_bucket",
      "provider": "provider[\"registry.terraform.io/hashicorp/aws\"]",
      "instances": [
        {
          "schema_version": 0,
          "attributes": {
            "acceleration_status": "",
            "acl": null,
            "arn": "arn:aws:s3:::my-s3-bucket-brajsingh-1996",
            "bucket": "my-s3-bucket-brajsingh-1996",
            "bucket_domain_name": "my-s3-bucket-brajsingh-1996.s3.amazonaws.com",
            "bucket_prefix": null,
            "bucket_regional_domain_name": "my-s3-bucket-brajsingh-1996.s3.amazonaws.com",
            "cors_rule": [],
            "force_destroy": false,
            "grant": [
              {
                "id": "33ba8ed9b2b03028902c9b4293a08853b73466ce339359e32c9e2740d27ad784",
                "permissions": [
                  "FULL_CONTROL"
                ],
                "type": "CanonicalUser",
                "uri": ""
              }
            ],
            "hosted_zone_id": "Z3AQBSTGFYJSTF",
            "id": "my-s3-bucket-brajsingh-1996",
            "lifecycle_rule": [],
            "logging": [],
            "object_lock_configuration": [],
            "object_lock_enabled": false,
            "policy": "",
            "region": "us-east-1",
            "replication_configuration": [],
            "request_payer": "BucketOwner",
            "server_side_encryption_configuration": [],
            "tags": {},
            "tags_all": {},
            "timeouts": null,
            "versioning": [
              {
                "enabled": true,
                "mfa_delete": false
              }
            ],
            "website": [],
            "website_domain": null,
            "website_endpoint": null
          },
          "sensitive_attributes": [],
          "private": "eyJlMmJmYjczMC1lY2FhLTExZTYtOGY4OC0zNDM2M2JjN2M0YzAiOnsiY3JlYXRlIjoxMjAwMDAwMDAwMDAwLCJkZWxldGUiOjM2MDAwMDAwMDAwMDAsInJlYWQiOjEyMDAwMDAwMDAwMDAsInVwZGF0ZSI6MTIwMDAwMDAwMDAwMH19"
        }
      ]
    }
  ],
  "check_results": []
}
